
Microsoft Visual Studio Solution File, Format Version 12.00
# Visual Studio 14
VisualStudioVersion = 14.0.24720.0
MinimumVisualStudioVersion = 10.0.40219.1
Project("{FAE04EC0-301F-11D3-BF4B-00C04F79EFBC}") = "DesignPatterns.MazeGame", "DesignPatterns.MazeGame\DesignPatterns.MazeGame.csproj", "{F7BE9BA3-5A8A-478D-895E-1D8653651BBC}"
EndProject
Project("{FAE04EC0-301F-11D3-BF4B-00C04F79EFBC}") = "DesignPatterns.AbstractFactory", "DesignPatterns.AbstractFactory\DesignPatterns.AbstractFactory.csproj", "{CE5D8FA1-4E13-49FC-A18C-4E403E62A092}"
EndProject
Project("{FAE04EC0-301F-11D3-BF4B-00C04F79EFBC}") = "DesignPatterns.CallingApp", "DesignPatterns.CallingApp\DesignPatterns.CallingApp.csproj", "{82725AA3-3A91-4B63-8107-17E87108404F}"
EndProject
Global
	GlobalSection(SolutionConfigurationPlatforms) = preSolution
		Debug|Any CPU = Debug|Any CPU
		Release|Any CPU = Release|Any CPU
	EndGlobalSection
	GlobalSection(ProjectConfigurationPlatforms) = postSolution
		{F7BE9BA3-5A8A-478D-895E-1D8653651BBC}.Debug|Any CPU.ActiveCfg = Debug|Any CPU
		{F7BE9BA3-5A8A-478D-895E-1D8653651BBC}.Debug|Any CPU.Build.0 = Debug|Any CPU
		{F7BE9BA3-5A8A-478D-895E-1D8653651BBC}.Release|Any CPU.ActiveCfg = Release|Any CPU
		{F7BE9BA3-5A8A-478D-895E-1D8653651BBC}.Release|Any CPU.Build.0 = Release|Any CPU
		{CE5D8FA1-4E13-49FC-A18C-4E403E62A092}.Debug|Any CPU.ActiveCfg = Debug|Any CPU
		{CE5D8FA1-4E13-49FC-A18C-4E403E62A092}.Debug|Any CPU.Build.0 = Debug|Any CPU
		{CE5D8FA1-4E13-49FC-A18C-4E403E62A092}.Release|Any CPU.ActiveCfg = Release|Any CPU
		{CE5D8FA1-4E13-49FC-A18C-4E403E62A092}.Release|Any CPU.Build.0 = Release|Any CPU
		{82725AA3-3A91-4B63-8107-17E87108404F}.Debug|Any CPU.ActiveCfg = Debug|Any CPU
		{82725AA3-3A91-4B63-8107-17E87108404F}.Debug|Any CPU.Build.0 = Debug|Any CPU
		{82725AA3-3A91-4B63-8107-17E87108404F}.Release|Any CPU.ActiveCfg = Release|Any CPU
		{82725AA3-3A91-4B63-8107-17E87108404F}.Release|Any CPU.Build.0 = Release|Any CPU
	EndGlobalSection
	GlobalSection(SolutionProperties) = preSolution
		HideSolutionNode = FALSE
	EndGlobalSection
EndGlobal
